// !$*UTF8*$!
{
	archiveVersion = 1;
	classes = {
	};
	objectVersion = 51;
	objects = {

/* Begin PBXBuildFile section */
		027722F387E72B66E7F14E42 /* Pods_jan21.framework in Frameworks */ = {isa = PBXBuildFile; fileRef = F2FEA200878CDB6E1B68F695 /* Pods_jan21.framework */; };
		8457F62A25B9843F00706FC9 /* AppDelegate.swift in Sources */ = {isa = PBXBuildFile; fileRef = 8457F62925B9843F00706FC9 /* AppDelegate.swift */; };
		8457F62C25B9843F00706FC9 /* SceneDelegate.swift in Sources */ = {isa = PBXBuildFile; fileRef = 8457F62B25B9843F00706FC9 /* SceneDelegate.swift */; };
		8457F62E25B9843F00706FC9 /* ViewController.swift in Sources */ = {isa = PBXBuildFile; fileRef = 8457F62D25B9843F00706FC9 /* ViewController.swift */; };
		8457F63125B9843F00706FC9 /* Main.storyboard in Resources */ = {isa = PBXBuildFile; fileRef = 8457F62F25B9843F00706FC9 /* Main.storyboard */; };
		8457F63325B9844100706FC9 /* Assets.xcassets in Resources */ = {isa = PBXBuildFile; fileRef = 8457F63225B9844100706FC9 /* Assets.xcassets */; };
		8457F63625B9844100706FC9 /* LaunchScreen.storyboard in Resources */ = {isa = PBXBuildFile; fileRef = 8457F63425B9844100706FC9 /* LaunchScreen.storyboard */; };
		8457F63F25B9851400706FC9 /* Cell1.swift in Sources */ = {isa = PBXBuildFile; fileRef = 8457F63E25B9851400706FC9 /* Cell1.swift */; };
		8457F64425BB4EBD00706FC9 /* MovieApi.swift in Sources */ = {isa = PBXBuildFile; fileRef = 8457F64325BB4EBD00706FC9 /* MovieApi.swift */; };
/* End PBXBuildFile section */

/* Begin PBXFileReference section */
		8457F62625B9843F00706FC9 /* jan21.app */ = {isa = PBXFileReference; explicitFileType = wrapper.application; includeInIndex = 0; path = jan21.app; sourceTree = BUILT_PRODUCTS_DIR; };
		8457F62925B9843F00706FC9 /* AppDelegate.swift */ = {isa = PBXFileReference; lastKnownFileType = sourcecode.swift; path = AppDelegate.swift; sourceTree = "<group>"; };
		8457F62B25B9843F00706FC9 /* SceneDelegate.swift */ = {isa = PBXFileReference; lastKnownFileType = sourcecode.swift; path = SceneDelegate.swift; sourceTree = "<group>"; };
		8457F62D25B9843F00706FC9 /* ViewController.swift */ = {isa = PBXFileReference; lastKnownFileType = sourcecode.swift; path = ViewController.swift; sourceTree = "<group>"; };
		8457F63025B9843F00706FC9 /* Base */ = {isa = PBXFileReference; lastKnownFileType = file.storyboard; name = Base; path = Base.lproj/Main.storyboard; sourceTree = "<group>"; };
		8457F63225B9844100706FC9 /* Assets.xcassets */ = {isa = PBXFileReference; lastKnownFileType = folder.assetcatalog; path = Assets.xcassets; sourceTree = "<group>"; };
		8457F63525B9844100706FC9 /* Base */ = {isa = PBXFileReference; lastKnownFileType = file.storyboard; name = Base; path = Base.lproj/LaunchScreen.storyboard; sourceTree = "<group>"; };
		8457F63725B9844100706FC9 /* Info.plist */ = {isa = PBXFileReference; lastKnownFileType = text.plist.xml; path = Info.plist; sourceTree = "<group>"; };
		8457F63E25B9851400706FC9 /* Cell1.swift */ = {isa = PBXFileReference; lastKnownFileType = sourcecode.swift; path = Cell1.swift; sourceTree = "<group>"; };
		8457F64325BB4EBD00706FC9 /* MovieApi.swift */ = {isa = PBXFileReference; lastKnownFileType = sourcecode.swift; path = MovieApi.swift; sourceTree = "<group>"; };
		CDE2142FA4F930202F804EB8 /* Pods-jan21.release.xcconfig */ = {isa = PBXFileReference; includeInIndex = 1; lastKnownFileType = text.xcconfig; name = "Pods-jan21.release.xcconfig"; path = "Target Support Files/Pods-jan21/Pods-jan21.release.xcconfig"; sourceTree = "<group>"; };
		EB974F99230D60E6BE7DD174 /* Pods-jan21.debug.xcconfig */ = {isa = PBXFileReference; includeInIndex = 1; lastKnownFileType = text.xcconfig; name = "Pods-jan21.debug.xcconfig"; path = "Target Support Files/Pods-jan21/Pods-jan21.debug.xcconfig"; sourceTree = "<group>"; };
		F2FEA200878CDB6E1B68F695 /* Pods_jan21.framework */ = {isa = PBXFileReference; explicitFileType = wrapper.framework; includeInIndex = 0; path = Pods_jan21.framework; sourceTree = BUILT_PRODUCTS_DIR; };
/* End PBXFileReference section */

/* Begin PBXFrameworksBuildPhase section */
		8457F62325B9843F00706FC9 /* Frameworks */ = {
			isa = PBXFrameworksBuildPhase;
			buildActionMask = 2147483647;
			files = (
				027722F387E72B66E7F14E42 /* Pods_jan21.framework in Frameworks */,
			);
			runOnlyForDeploymentPostprocessing = 0;
		};
/* End PBXFrameworksBuildPhase section */

/* Begin PBXGroup section */
		8457F61D25B9843F00706FC9 = {
			isa = PBXGroup;
			children = (
				8457F62825B9843F00706FC9 /* jan21 */,
				8457F62725B9843F00706FC9 /* Products */,
				D6D9F048DADC0836B7F0BCDA /* Pods */,
				A5B44D4E0A3F70DFA54E5780 /* Frameworks */,
			);
			sourceTree = "<group>";
		};
		8457F62725B9843F00706FC9 /* Products */ = {
			isa = PBXGroup;
			children = (
				8457F62625B9843F00706FC9 /* jan21.app */,
			);
			name = Products;
			sourceTree = "<group>";
		};
		8457F62825B9843F00706FC9 /* jan21 */ = {
			isa = PBXGroup;
			children = (
				8457F64225BB4EA800706FC9 /* Network */,
				8457F62925B9843F00706FC9 /* AppDelegate.swift */,
				8457F62B25B9843F00706FC9 /* SceneDelegate.swift */,
				8457F62D25B9843F00706FC9 /* ViewController.swift */,
				8457F63E25B9851400706FC9 /* Cell1.swift */,
				8457F62F25B9843F00706FC9 /* Main.storyboard */,
				8457F63225B9844100706FC9 /* Assets.xcassets */,
				8457F63425B9844100706FC9 /* LaunchScreen.storyboard */,
				8457F63725B9844100706FC9 /* Info.plist */,
			);
			path = jan21;
			sourceTree = "<group>";
		};
		8457F64225BB4EA800706FC9 /* Network */ = {
			isa = PBXGroup;
			children = (
				8457F64325BB4EBD00706FC9 /* MovieApi.swift */,
			);
			path = Network;
			sourceTree = "<group>";
		};
		A5B44D4E0A3F70DFA54E5780 /* Frameworks */ = {
			isa = PBXGroup;
			children = (
				F2FEA200878CDB6E1B68F695 /* Pods_jan21.framework */,
			);
			name = Frameworks;
			sourceTree = "<group>";
		};
		D6D9F048DADC0836B7F0BCDA /* Pods */ = {
			isa = PBXGroup;
			children = (
				EB974F99230D60E6BE7DD174 /* Pods-jan21.debug.xcconfig */,
				CDE2142FA4F930202F804EB8 /* Pods-jan21.release.xcconfig */,
			);
			path = Pods;
			sourceTree = "<group>";
		};
/* End PBXGroup section */

/* Begin PBXNativeTarget section */
		8457F62525B9843F00706FC9 /* jan21 */ = {
			isa = PBXNativeTarget;
			buildConfigurationList = 8457F63A25B9844100706FC9 /* Build configuration list for PBXNativeTarget "jan21" */;
			buildPhases = (
				A9C744177B3939D32812B77D /* [CP] Check Pods Manifest.lock */,
				8457F62225B9843F00706FC9 /* Sources */,
				8457F62325B9843F00706FC9 /* Frameworks */,
				8457F62425B9843F00706FC9 /* Resources */,
				A033245509C8D343C636E6CD /* [CP] Embed Pods Frameworks */,
			);
			buildRules = (
			);
			dependencies = (
			);
			name = jan21;
			productName = jan21;
			productReference = 8457F62625B9843F00706FC9 /* jan21.app */;
			productType = "com.apple.product-type.application";
		};
/* End PBXNativeTarget section */

/* Begin PBXProject section */
		8457F61E25B9843F00706FC9 /* Project object */ = {
			isa = PBXProject;
			attributes = {
				LastSwiftUpdateCheck = 1230;
				LastUpgradeCheck = 1230;
				TargetAttributes = {
					8457F62525B9843F00706FC9 = {
						CreatedOnToolsVersion = 12.3;
					};
				};
			};
			buildConfigurationList = 8457F62125B9843F00706FC9 /* Build configuration list for PBXProject "jan21" */;
			compatibilityVersion = "Xcode 9.3";
			developmentRegion = en;
			hasScannedForEncodings = 0;
			knownRegions = (
				en,
				Base,
			);
			mainGroup = 8457F61D25B9843F00706FC9;
			productRefGroup = 8457F62725B9843F00706FC9 /* Products */;
			projectDirPath = "";
			projectRoot = "";
			targets = (
				8457F62525B9843F00706FC9 /* jan21 */,
			);
		};
/* End PBXProject section */

/* Begin PBXResourcesBuildPhase section */
		8457F62425B9843F00706FC9 /* Resources */ = {
			isa = PBXResourcesBuildPhase;
			buildActionMask = 2147483647;
			files = (
				8457F63625B9844100706FC9 /* LaunchScreen.storyboard in Resources */,
				8457F63325B9844100706FC9 /* Assets.xcassets in Resources */,
				8457F63125B9843F00706FC9 /* Main.storyboard in Resources */,
			);
			runOnlyForDeploymentPostprocessing = 0;
		};
/* End PBXResourcesBuildPhase section */

/* Begin PBXShellScriptBuildPhase section */
		A033245509C8D343C636E6CD /* [CP] Embed Pods Frameworks */ = {
			isa = PBXShellScriptBuildPhase;
			buildActionMask = 2147483647;
			files = (
			);
			inputFileListPaths = (
				"${PODS_ROOT}/Target Support Files/Pods-jan21/Pods-jan21-frameworks-${CONFIGURATION}-input-files.xcfilelist",
			);
			name = "[CP] Embed Pods Frameworks";
			outputFileListPaths = (
				"${PODS_ROOT}/Target Support Files/Pods-jan21/Pods-jan21-frameworks-${CONFIGURATION}-output-files.xcfilelist",
			);
			runOnlyForDeploymentPostprocessing = 0;
			shellPath = /bin/sh;
			shellScript = "\"${PODS_ROOT}/Target Support Files/Pods-jan21/Pods-jan21-frameworks.sh\"\n";
			showEnvVarsInLog = 0;
		};
		A9C744177B3939D32812B77D /* [CP] Check Pods Manifest.lock */ = {
			isa = PBXShellScriptBuildPhase;
			buildActionMask = 2147483647;
			files = (
			);
			inputFileListPaths = (
			);
			inputPaths = (
				"${PODS_PODFILE_DIR_PATH}/Podfile.lock",
				"${PODS_ROOT}/Manifest.lock",
			);
			name = "[CP] Check Pods Manifest.lock";
			outputFileListPaths = (
			);
			outputPaths = (
				"$(DERIVED_FILE_DIR)/Pods-jan21-checkManifestLockResult.txt",
			);
			runOnlyForDeploymentPostprocessing = 0;
			shellPath = /bin/sh;
			shellScript = "diff \"${PODS_PODFILE_DIR_PATH}/Podfile.lock\" \"${PODS_ROOT}/Manifest.lock\" > /dev/null\nif [ $? != 0 ] ; then\n    # print error to STDERR\n    echo \"error: The sandbox is not in sync with the Podfile.lock. Run 'pod install' or update your CocoaPods installation.\" >&2\n    exit 1\nfi\n# This output is used by Xcode 'outputs' to avoid re-running this script phase.\necho \"SUCCESS\" > \"${SCRIPT_OUTPUT_FILE_0}\"\n";
			showEnvVarsInLog = 0;
		};
/* End PBXShellScriptBuildPhase section */

/* Begin PBXSourcesBuildPhase section */
		8457F62225B9843F00706FC9 /* Sources */ = {
			isa = PBXSourcesBuildPhase;
			buildActionMask = 2147483647;
			files = (
				8457F62E25B9843F00706FC9 /* ViewController.swift in Sources */,
				8457F62A25B9843F00706FC9 /* AppDelegate.swift in Sources */,
				8457F64425BB4EBD00706FC9 /* MovieApi.swift in Sources */,
				8457F62C25B9843F00706FC9 /* SceneDelegate.swift in Sources */,
				8457F63F25B9851400706FC9 /* Cell1.swift in Sources */,
			);
			runOnlyForDeploymentPostprocessing = 0;
		};
/* End PBXSourcesBuildPhase section */

/* Begin PBXVariantGroup section */
		8457F62F25B9843F00706FC9 /* Main.storyboard */ = {
			isa = PBXVariantGroup;
			children = (
				8457F63025B9843F00706FC9 /* Base */,
			);
			name = Main.storyboard;
			sourceTree = "<group>";
		};
		8457F63425B9844100706FC9 /* LaunchScreen.storyboard */ = {
			isa = PBXVariantGroup;
			children = (
				8457F63525B9844100706FC9 /* Base */,
			);
			name = LaunchScreen.storyboard;
			sourceTree = "<group>";
		};
/* End PBXVariantGroup section */

/* Begin XCBuildConfiguration section */
		8457F63825B9844100706FC9 /* Debug */ = {
			isa = XCBuildConfiguration;
			buildSettings = {
				ALWAYS_SEARCH_USER_PATHS = NO;
				CLANG_ANALYZER_NONNULL = YES;
				CLANG_ANALYZER_NUMBER_OBJECT_CONVERSION = YES_AGGRESSIVE;
				CLANG_CXX_LANGUAGE_STANDARD = "gnu++14";
				CLANG_CXX_LIBRARY = "libc++";
				CLANG_ENABLE_MODULES = YES;
				CLANG_ENABLE_OBJC_ARC = YES;
				CLANG_ENABLE_OBJC_WEAK = YES;
				CLANG_WARN_BLOCK_CAPTURE_AUTORELEASING = YES;
				CLANG_WARN_BOOL_CONVERSION = YES;
				CLANG_WARN_COMMA = YES;
				CLANG_WARN_CONSTANT_CONVERSION = YES;
				CLANG_WARN_DEPRECATED_OBJC_IMPLEMENTATIONS = YES;
				CLANG_WARN_DIRECT_OBJC_ISA_USAGE = YES_ERROR;
				CLANG_WARN_DOCUMENTATION_COMMENTS = YES;
				CLANG_WARN_EMPTY_BODY = YES;
				CLANG_WARN_ENUM_CONVERSION = YES;
				CLANG_WARN_INFINITE_RECURSION = YES;
				CLANG_WARN_INT_CONVERSION = YES;
				CLANG_WARN_NON_LITERAL_NULL_CONVERSION = YES;
				CLANG_WARN_OBJC_IMPLICIT_RETAIN_SELF = YES;
				CLANG_WARN_OBJC_LITERAL_CONVERSION = YES;
				CLANG_WARN_OBJC_ROOT_CLASS = YES_ERROR;
				CLANG_WARN_QUOTED_INCLUDE_IN_FRAMEWORK_HEADER = YES;
				CLANG_WARN_RANGE_LOOP_ANALYSIS = YES;
				CLANG_WARN_STRICT_PROTOTYPES = YES;
				CLANG_WARN_SUSPICIOUS_MOVE = YES;
				CLANG_WARN_UNGUARDED_AVAILABILITY = YES_AGGRESSIVE;
				CLANG_WARN_UNREACHABLE_CODE = YES;
				CLANG_WARN__DUPLICATE_METHOD_MATCH = YES;
				COPY_PHASE_STRIP = NO;
				DEBUG_INFORMATION_FORMAT = dwarf;
				ENABLE_STRICT_OBJC_MSGSEND = YES;
				ENABLE_TESTABILITY = YES;
				GCC_C_LANGUAGE_STANDARD = gnu11;
				GCC_DYNAMIC_NO_PIC = NO;
				GCC_NO_COMMON_BLOCKS = YES;
				GCC_OPTIMIZATION_LEVEL = 0;
				GCC_PREPROCESSOR_DEFINITIONS = (
					"DEBUG=1",
					"$(inherited)",
				);
				GCC_WARN_64_TO_32_BIT_CONVERSION = YES;
				GCC_WARN_ABOUT_RETURN_TYPE = YES_ERROR;
				GCC_WARN_UNDECLARED_SELECTOR = YES;
				GCC_WARN_UNINITIALIZED_AUTOS = YES_AGGRESSIVE;
				GCC_WARN_UNUSED_FUNCTION = YES;
				GCC_WARN_UNUSED_VARIABLE = YES;
				IPHONEOS_DEPLOYMENT_TARGET = 14.3;
				MTL_ENABLE_DEBUG_INFO = INCLUDE_SOURCE;
				MTL_FAST_MATH = YES;
				ONLY_ACTIVE_ARCH = YES;
				SDKROOT = iphoneos;
				SWIFT_ACTIVE_COMPILATION_CONDITIONS = DEBUG;
				SWIFT_OPTIMIZATION_LEVEL = "-Onone";
			};
			name = Debug;
		};
		8457F63925B9844100706FC9 /* Release */ = {
			isa = XCBuildConfiguration;
			buildSettings = {
				ALWAYS_SEARCH_USER_PATHS = NO;
				CLANG_ANALYZER_NONNULL = YES;
				CLANG_ANALYZER_NUMBER_OBJECT_CONVERSION = YES_AGGRESSIVE;
				CLANG_CXX_LANGUAGE_STANDARD = "gnu++14";
				CLANG_CXX_LIBRARY = "libc++";
				CLANG_ENABLE_MODULES = YES;
				CLANG_ENABLE_OBJC_ARC = YES;
				CLANG_ENABLE_OBJC_WEAK = YES;
				CLANG_WARN_BLOCK_CAPTURE_AUTORELEASING = YES;
				CLANG_WARN_BOOL_CONVERSION = YES;
				CLANG_WARN_COMMA = YES;
				CLANG_WARN_CONSTANT_CONVERSION = YES;
				CLANG_WARN_DEPRECATED_OBJC_IMPLEMENTATIONS = YES;
				CLANG_WARN_DIRECT_OBJC_ISA_USAGE = YES_ERROR;
				CLANG_WARN_DOCUMENTATION_COMMENTS = YES;
				CLANG_WARN_EMPTY_BODY = YES;
				CLANG_WARN_ENUM_CONVERSION = YES;
				CLANG_WARN_INFINITE_RECURSION = YES;
				CLANG_WARN_INT_CONVERSION = YES;
				CLANG_WARN_NON_LITERAL_NULL_CONVERSION = YES;
				CLANG_WARN_OBJC_IMPLICIT_RETAIN_SELF = YES;
				CLANG_WARN_OBJC_LITERAL_CONVERSION = YES;
				CLANG_WARN_OBJC_ROOT_CLASS = YES_ERROR;
				CLANG_WARN_QUOTED_INCLUDE_IN_FRAMEWORK_HEADER = YES;
				CLANG_WARN_RANGE_LOOP_ANALYSIS = YES;
				CLANG_WARN_STRICT_PROTOTYPES = YES;
				CLANG_WARN_SUSPICIOUS_MOVE = YES;
				CLANG_WARN_UNGUARDED_AVAILABILITY = YES_AGGRESSIVE;
				CLANG_WARN_UNREACHABLE_CODE = YES;
				CLANG_WARN__DUPLICATE_METHOD_MATCH = YES;
				COPY_PHASE_STRIP = NO;
				DEBUG_INFORMATION_FORMAT = "dwarf-with-dsym";
				ENABLE_NS_ASSERTIONS = NO;
				ENABLE_STRICT_OBJC_MSGSEND = YES;
				GCC_C_LANGUAGE_STANDARD = gnu11;
				GCC_NO_COMMON_BLOCKS = YES;
				GCC_WARN_64_TO_32_BIT_CONVERSION = YES;
				GCC_WARN_ABOUT_RETURN_TYPE = YES_ERROR;
				GCC_WARN_UNDECLARED_SELECTOR = YES;
				GCC_WARN_UNINITIALIZED_AUTOS = YES_AGGRESSIVE;
				GCC_WARN_UNUSED_FUNCTION = YES;
				GCC_WARN_UNUSED_VARIABLE = YES;
				IPHONEOS_DEPLOYMENT_TARGET = 14.3;
				MTL_ENABLE_DEBUG_INFO = NO;
				MTL_FAST_MATH = YES;
				SDKROOT = iphoneos;
				SWIFT_COMPILATION_MODE = wholemodule;
				SWIFT_OPTIMIZATION_LEVEL = "-O";
				VALIDATE_PRODUCT = YES;
			};
			name = Release;
		};
		8457F63B25B9844100706FC9 /* Debug */ = {
			isa = XCBuildConfiguration;
			baseConfigurationReference = EB974F99230D60E6BE7DD174 /* Pods-jan21.debug.xcconfig */;
			buildSettings = {
				ASSETCATALOG_COMPILER_APPICON_NAME = AppIcon;
				ASSETCATALOG_COMPILER_GLOBAL_ACCENT_COLOR_NAME = AccentColor;
				CODE_SIGN_STYLE = Automatic;
				DEVELOPMENT_TEAM = 7QG4DQ62JQ;
				INFOPLIST_FILE = jan21/Info.plist;
				LD_RUNPATH_SEARCH_PATHS = (
					"$(inherited)",
					"@executable_path/Frameworks",
				);
				PRODUCT_BUNDLE_IDENTIFIER = com.hyeonji.jan21;
				PRODUCT_NAME = "$(TARGET_NAME)";
				SWIFT_VERSION = 5.0;
				TARGETED_DEVICE_FAMILY = "1,2";
			};
			name = Debug;
		};
		8457F63C25B9844100706FC9 /* Release */ = {
			isa = XCBuildConfiguration;
			baseConfigurationReference = CDE2142FA4F930202F804EB8 /* Pods-jan21.release.xcconfig */;
			buildSettings = {
				ASSETCATALOG_COMPILER_APPICON_NAME = AppIcon;
				ASSETCATALOG_COMPILER_GLOBAL_ACCENT_COLOR_NAME = AccentColor;
				CODE_SIGN_STYLE = Automatic;
				DEVELOPMENT_TEAM = 7QG4DQ62JQ;
				INFOPLIST_FILE = jan21/Info.plist;
				LD_RUNPATH_SEARCH_PATHS = (
					"$(inherited)",
					"@executable_path/Frameworks",
				);
				PRODUCT_BUNDLE_IDENTIFIER = com.hyeonji.jan21;
				PRODUCT_NAME = "$(TARGET_NAME)";
				SWIFT_VERSION = 5.0;
				TARGETED_DEVICE_FAMILY = "1,2";
			};
			name = Release;
		};
/* End XCBuildConfiguration section */

/* Begin XCConfigurationList section */
		8457F62125B9843F00706FC9 /* Build configuration list for PBXProject "jan21" */ = {
			isa = XCConfigurationList;
			buildConfigurations = (
				8457F63825B9844100706FC9 /* Debug */,
				8457F63925B9844100706FC9 /* Release */,
			);
			defaultConfigurationIsVisible = 0;
			defaultConfigurationName = Release;
		};
		8457F63A25B9844100706FC9 /* Build configuration list for PBXNativeTarget "jan21" */ = {
			isa = XCConfigurationList;
			buildConfigurations = (
				8457F63B25B9844100706FC9 /* Debug */,
				8457F63C25B9844100706FC9 /* Release */,
			);
			defaultConfigurationIsVisible = 0;
			defaultConfigurationName = Release;
		};
/* End XCConfigurationList section */
	};
	rootObject = 8457F61E25B9843F00706FC9 /* Project object */;
}
